
Microsoft Visual Studio Solution File, Format Version 12.00
# Visual Studio Version 17
VisualStudioVersion = 17.3.32922.545
MinimumVisualStudioVersion = 10.0.40219.1
Project("{9092AA53-FB77-4645-B42D-1CCCA6BD08BD}") = "ExpressApp2", "ExpressApp2\ExpressApp2.njsproj", "{7AE581F1-C2D4-45F6-9785-40643E77A7E4}"
EndProject
Global
	GlobalSection(SolutionConfigurationPlatforms) = preSolution
		Debug|Any CPU = Debug|Any CPU
		Release|Any CPU = Release|Any CPU
	EndGlobalSection
	GlobalSection(ProjectConfigurationPlatforms) = postSolution
		{7AE581F1-C2D4-45F6-9785-40643E77A7E4}.Debug|Any CPU.ActiveCfg = Debug|Any CPU
		{7AE581F1-C2D4-45F6-9785-40643E77A7E4}.Debug|Any CPU.Build.0 = Debug|Any CPU
		{7AE581F1-C2D4-45F6-9785-40643E77A7E4}.Release|Any CPU.ActiveCfg = Release|Any CPU
		{7AE581F1-C2D4-45F6-9785-40643E77A7E4}.Release|Any CPU.Build.0 = Release|Any CPU
	EndGlobalSection
	GlobalSection(SolutionProperties) = preSolution
		HideSolutionNode = FALSE
	EndGlobalSection
	GlobalSection(ExtensibilityGlobals) = postSolution
		SolutionGuid = {5D5A79F8-E51F-4CEB-90C9-9682363CDF0A}
	EndGlobalSection
EndGlobal
